// !$*UTF8*$!
{
	archiveVersion = 1;
	classes = {
	};
	objectVersion = 46;
	objects = {

/* Begin PBXBuildFile section */
		837664851E16E29E004E9DE3 /* AppDelegate.swift in Sources */ = {isa = PBXBuildFile; fileRef = 837664841E16E29E004E9DE3 /* AppDelegate.swift */; };
		837664871E16E29E004E9DE3 /* ViewController.swift in Sources */ = {isa = PBXBuildFile; fileRef = 837664861E16E29E004E9DE3 /* ViewController.swift */; };
		8376648A1E16E29E004E9DE3 /* Main.storyboard in Resources */ = {isa = PBXBuildFile; fileRef = 837664881E16E29E004E9DE3 /* Main.storyboard */; };
		8376648C1E16E29E004E9DE3 /* Assets.xcassets in Resources */ = {isa = PBXBuildFile; fileRef = 8376648B1E16E29E004E9DE3 /* Assets.xcassets */; };
		8376648F1E16E29E004E9DE3 /* LaunchScreen.storyboard in Resources */ = {isa = PBXBuildFile; fileRef = 8376648D1E16E29E004E9DE3 /* LaunchScreen.storyboard */; };
		837664971E16E435004E9DE3 /* QRVC.swift in Sources */ = {isa = PBXBuildFile; fileRef = 837664961E16E435004E9DE3 /* QRVC.swift */; };
		837664991E16E51F004E9DE3 /* QRDetalleViewController.swift in Sources */ = {isa = PBXBuildFile; fileRef = 837664981E16E51F004E9DE3 /* QRDetalleViewController.swift */; };
		8376649B1E16E598004E9DE3 /* NVC.swift in Sources */ = {isa = PBXBuildFile; fileRef = 8376649A1E16E598004E9DE3 /* NVC.swift */; };
		8376649E1E16EC3F004E9DE3 /* CoreLocation.framework in Frameworks */ = {isa = PBXBuildFile; fileRef = 8376649D1E16EC3F004E9DE3 /* CoreLocation.framework */; };
		837664A11E19917C004E9DE3 /* RutaGuardada.xcdatamodeld in Sources */ = {isa = PBXBuildFile; fileRef = 8376649F1E19917C004E9DE3 /* RutaGuardada.xcdatamodeld */; };
		837664A31E1994B3004E9DE3 /* GuardarRutaVC.swift in Sources */ = {isa = PBXBuildFile; fileRef = 837664A21E1994B3004E9DE3 /* GuardarRutaVC.swift */; };
		837664A51E19ADF0004E9DE3 /* TableViewController.swift in Sources */ = {isa = PBXBuildFile; fileRef = 837664A41E19ADF0004E9DE3 /* TableViewController.swift */; };
		837664A71E19B121004E9DE3 /* CeldaTableViewCell.swift in Sources */ = {isa = PBXBuildFile; fileRef = 837664A61E19B121004E9DE3 /* CeldaTableViewCell.swift */; };
/* End PBXBuildFile section */

/* Begin PBXFileReference section */
		837664811E16E29E004E9DE3 /* Proyecto Final.app */ = {isa = PBXFileReference; explicitFileType = wrapper.application; includeInIndex = 0; path = "Proyecto Final.app"; sourceTree = BUILT_PRODUCTS_DIR; };
		837664841E16E29E004E9DE3 /* AppDelegate.swift */ = {isa = PBXFileReference; lastKnownFileType = sourcecode.swift; path = AppDelegate.swift; sourceTree = "<group>"; };
		837664861E16E29E004E9DE3 /* ViewController.swift */ = {isa = PBXFileReference; lastKnownFileType = sourcecode.swift; path = ViewController.swift; sourceTree = "<group>"; };
		837664891E16E29E004E9DE3 /* Base */ = {isa = PBXFileReference; lastKnownFileType = file.storyboard; name = Base; path = Base.lproj/Main.storyboard; sourceTree = "<group>"; };
		8376648B1E16E29E004E9DE3 /* Assets.xcassets */ = {isa = PBXFileReference; lastKnownFileType = folder.assetcatalog; path = Assets.xcassets; sourceTree = "<group>"; };
		8376648E1E16E29E004E9DE3 /* Base */ = {isa = PBXFileReference; lastKnownFileType = file.storyboard; name = Base; path = Base.lproj/LaunchScreen.storyboard; sourceTree = "<group>"; };
		837664901E16E29E004E9DE3 /* Info.plist */ = {isa = PBXFileReference; lastKnownFileType = text.plist.xml; path = Info.plist; sourceTree = "<group>"; };
		837664961E16E435004E9DE3 /* QRVC.swift */ = {isa = PBXFileReference; fileEncoding = 4; lastKnownFileType = sourcecode.swift; path = QRVC.swift; sourceTree = "<group>"; };
		837664981E16E51F004E9DE3 /* QRDetalleViewController.swift */ = {isa = PBXFileReference; fileEncoding = 4; lastKnownFileType = sourcecode.swift; path = QRDetalleViewController.swift; sourceTree = "<group>"; };
		8376649A1E16E598004E9DE3 /* NVC.swift */ = {isa = PBXFileReference; fileEncoding = 4; lastKnownFileType = sourcecode.swift; path = NVC.swift; sourceTree = "<group>"; };
		8376649D1E16EC3F004E9DE3 /* CoreLocation.framework */ = {isa = PBXFileReference; lastKnownFileType = wrapper.framework; name = CoreLocation.framework; path = System/Library/Frameworks/CoreLocation.framework; sourceTree = SDKROOT; };
		837664A01E19917C004E9DE3 /* RutaGuardada.xcdatamodel */ = {isa = PBXFileReference; lastKnownFileType = wrapper.xcdatamodel; path = RutaGuardada.xcdatamodel; sourceTree = "<group>"; };
		837664A21E1994B3004E9DE3 /* GuardarRutaVC.swift */ = {isa = PBXFileReference; fileEncoding = 4; lastKnownFileType = sourcecode.swift; path = GuardarRutaVC.swift; sourceTree = "<group>"; };
		837664A41E19ADF0004E9DE3 /* TableViewController.swift */ = {isa = PBXFileReference; fileEncoding = 4; lastKnownFileType = sourcecode.swift; path = TableViewController.swift; sourceTree = "<group>"; };
		837664A61E19B121004E9DE3 /* CeldaTableViewCell.swift */ = {isa = PBXFileReference; fileEncoding = 4; lastKnownFileType = sourcecode.swift; path = CeldaTableViewCell.swift; sourceTree = "<group>"; };
/* End PBXFileReference section */

/* Begin PBXFrameworksBuildPhase section */
		8376647E1E16E29E004E9DE3 /* Frameworks */ = {
			isa = PBXFrameworksBuildPhase;
			buildActionMask = 2147483647;
			files = (
				8376649E1E16EC3F004E9DE3 /* CoreLocation.framework in Frameworks */,
			);
			runOnlyForDeploymentPostprocessing = 0;
		};
/* End PBXFrameworksBuildPhase section */

/* Begin PBXGroup section */
		837664781E16E29E004E9DE3 = {
			isa = PBXGroup;
			children = (
				837664831E16E29E004E9DE3 /* Proyecto Final */,
				837664821E16E29E004E9DE3 /* Products */,
				8376649C1E16EC3E004E9DE3 /* Frameworks */,
			);
			sourceTree = "<group>";
		};
		837664821E16E29E004E9DE3 /* Products */ = {
			isa = PBXGroup;
			children = (
				837664811E16E29E004E9DE3 /* Proyecto Final.app */,
			);
			name = Products;
			sourceTree = "<group>";
		};
		837664831E16E29E004E9DE3 /* Proyecto Final */ = {
			isa = PBXGroup;
			children = (
				837664841E16E29E004E9DE3 /* AppDelegate.swift */,
				837664861E16E29E004E9DE3 /* ViewController.swift */,
				837664881E16E29E004E9DE3 /* Main.storyboard */,
				8376648B1E16E29E004E9DE3 /* Assets.xcassets */,
				8376648D1E16E29E004E9DE3 /* LaunchScreen.storyboard */,
				837664901E16E29E004E9DE3 /* Info.plist */,
				837664961E16E435004E9DE3 /* QRVC.swift */,
				837664981E16E51F004E9DE3 /* QRDetalleViewController.swift */,
				8376649A1E16E598004E9DE3 /* NVC.swift */,
				8376649F1E19917C004E9DE3 /* RutaGuardada.xcdatamodeld */,
				837664A21E1994B3004E9DE3 /* GuardarRutaVC.swift */,
				837664A41E19ADF0004E9DE3 /* TableViewController.swift */,
				837664A61E19B121004E9DE3 /* CeldaTableViewCell.swift */,
			);
			path = "Proyecto Final";
			sourceTree = "<group>";
		};
		8376649C1E16EC3E004E9DE3 /* Frameworks */ = {
			isa = PBXGroup;
			children = (
				8376649D1E16EC3F004E9DE3 /* CoreLocation.framework */,
			);
			name = Frameworks;
			sourceTree = "<group>";
		};
/* End PBXGroup section */

/* Begin PBXNativeTarget section */
		837664801E16E29E004E9DE3 /* Proyecto Final */ = {
			isa = PBXNativeTarget;
			buildConfigurationList = 837664931E16E29E004E9DE3 /* Build configuration list for PBXNativeTarget "Proyecto Final" */;
			buildPhases = (
				8376647D1E16E29E004E9DE3 /* Sources */,
				8376647E1E16E29E004E9DE3 /* Frameworks */,
				8376647F1E16E29E004E9DE3 /* Resources */,
			);
			buildRules = (
			);
			dependencies = (
			);
			name = "Proyecto Final";
			productName = "Proyecto Final";
			productReference = 837664811E16E29E004E9DE3 /* Proyecto Final.app */;
			productType = "com.apple.product-type.application";
		};
/* End PBXNativeTarget section */

/* Begin PBXProject section */
		837664791E16E29E004E9DE3 /* Project object */ = {
			isa = PBXProject;
			attributes = {
				LastSwiftUpdateCheck = 0820;
				LastUpgradeCheck = 0820;
				ORGANIZATIONNAME = ITESO;
				TargetAttributes = {
					837664801E16E29E004E9DE3 = {
						CreatedOnToolsVersion = 8.2.1;
						DevelopmentTeam = BK39Z5XJ5Q;
						ProvisioningStyle = Automatic;
					};
				};
			};
			buildConfigurationList = 8376647C1E16E29E004E9DE3 /* Build configuration list for PBXProject "Proyecto Final" */;
			compatibilityVersion = "Xcode 3.2";
			developmentRegion = English;
			hasScannedForEncodings = 0;
			knownRegions = (
				en,
				Base,
			);
			mainGroup = 837664781E16E29E004E9DE3;
			productRefGroup = 837664821E16E29E004E9DE3 /* Products */;
			projectDirPath = "";
			projectRoot = "";
			targets = (
				837664801E16E29E004E9DE3 /* Proyecto Final */,
			);
		};
/* End PBXProject section */

/* Begin PBXResourcesBuildPhase section */
		8376647F1E16E29E004E9DE3 /* Resources */ = {
			isa = PBXResourcesBuildPhase;
			buildActionMask = 2147483647;
			files = (
				8376648F1E16E29E004E9DE3 /* LaunchScreen.storyboard in Resources */,
				8376648C1E16E29E004E9DE3 /* Assets.xcassets in Resources */,
				8376648A1E16E29E004E9DE3 /* Main.storyboard in Resources */,
			);
			runOnlyForDeploymentPostprocessing = 0;
		};
/* End PBXResourcesBuildPhase section */

/* Begin PBXSourcesBuildPhase section */
		8376647D1E16E29E004E9DE3 /* Sources */ = {
			isa = PBXSourcesBuildPhase;
			buildActionMask = 2147483647;
			files = (
				837664971E16E435004E9DE3 /* QRVC.swift in Sources */,
				837664991E16E51F004E9DE3 /* QRDetalleViewController.swift in Sources */,
				8376649B1E16E598004E9DE3 /* NVC.swift in Sources */,
				837664A51E19ADF0004E9DE3 /* TableViewController.swift in Sources */,
				837664A31E1994B3004E9DE3 /* GuardarRutaVC.swift in Sources */,
				837664871E16E29E004E9DE3 /* ViewController.swift in Sources */,
				837664A11E19917C004E9DE3 /* RutaGuardada.xcdatamodeld in Sources */,
				837664A71E19B121004E9DE3 /* CeldaTableViewCell.swift in Sources */,
				837664851E16E29E004E9DE3 /* AppDelegate.swift in Sources */,
			);
			runOnlyForDeploymentPostprocessing = 0;
		};
/* End PBXSourcesBuildPhase section */

/* Begin PBXVariantGroup section */
		837664881E16E29E004E9DE3 /* Main.storyboard */ = {
			isa = PBXVariantGroup;
			children = (
				837664891E16E29E004E9DE3 /* Base */,
			);
			name = Main.storyboard;
			sourceTree = "<group>";
		};
		8376648D1E16E29E004E9DE3 /* LaunchScreen.storyboard */ = {
			isa = PBXVariantGroup;
			children = (
				8376648E1E16E29E004E9DE3 /* Base */,
			);
			name = LaunchScreen.storyboard;
			sourceTree = "<group>";
		};
/* End PBXVariantGroup section */

/* Begin XCBuildConfiguration section */
		837664911E16E29E004E9DE3 /* Debug */ = {
			isa = XCBuildConfiguration;
			buildSettings = {
				ALWAYS_SEARCH_USER_PATHS = NO;
				CLANG_ANALYZER_NONNULL = YES;
				CLANG_CXX_LANGUAGE_STANDARD = "gnu++0x";
				CLANG_CXX_LIBRARY = "libc++";
				CLANG_ENABLE_MODULES = YES;
				CLANG_ENABLE_OBJC_ARC = YES;
				CLANG_WARN_BOOL_CONVERSION = YES;
				CLANG_WARN_CONSTANT_CONVERSION = YES;
				CLANG_WARN_DIRECT_OBJC_ISA_USAGE = YES_ERROR;
				CLANG_WARN_DOCUMENTATION_COMMENTS = YES;
				CLANG_WARN_EMPTY_BODY = YES;
				CLANG_WARN_ENUM_CONVERSION = YES;
				CLANG_WARN_INFINITE_RECURSION = YES;
				CLANG_WARN_INT_CONVERSION = YES;
				CLANG_WARN_OBJC_ROOT_CLASS = YES_ERROR;
				CLANG_WARN_SUSPICIOUS_MOVE = YES;
				CLANG_WARN_UNREACHABLE_CODE = YES;
				CLANG_WARN__DUPLICATE_METHOD_MATCH = YES;
				"CODE_SIGN_IDENTITY[sdk=iphoneos*]" = "iPhone Developer";
				COPY_PHASE_STRIP = NO;
				DEBUG_INFORMATION_FORMAT = dwarf;
				ENABLE_STRICT_OBJC_MSGSEND = YES;
				ENABLE_TESTABILITY = YES;
				GCC_C_LANGUAGE_STANDARD = gnu99;
				GCC_DYNAMIC_NO_PIC = NO;
				GCC_NO_COMMON_BLOCKS = YES;
				GCC_OPTIMIZATION_LEVEL = 0;
				GCC_PREPROCESSOR_DEFINITIONS = (
					"DEBUG=1",
					"$(inherited)",
				);
				GCC_WARN_64_TO_32_BIT_CONVERSION = YES;
				GCC_WARN_ABOUT_RETURN_TYPE = YES_ERROR;
				GCC_WARN_UNDECLARED_SELECTOR = YES;
				GCC_WARN_UNINITIALIZED_AUTOS = YES_AGGRESSIVE;
				GCC_WARN_UNUSED_FUNCTION = YES;
				GCC_WARN_UNUSED_VARIABLE = YES;
				IPHONEOS_DEPLOYMENT_TARGET = 10.2;
				MTL_ENABLE_DEBUG_INFO = YES;
				ONLY_ACTIVE_ARCH = YES;
				SDKROOT = iphoneos;
				SWIFT_ACTIVE_COMPILATION_CONDITIONS = DEBUG;
				SWIFT_OPTIMIZATION_LEVEL = "-Onone";
				TARGETED_DEVICE_FAMILY = "1,2";
			};
			name = Debug;
		};
		837664921E16E29E004E9DE3 /* Release */ = {
			isa = XCBuildConfiguration;
			buildSettings = {
				ALWAYS_SEARCH_USER_PATHS = NO;
				CLANG_ANALYZER_NONNULL = YES;
				CLANG_CXX_LANGUAGE_STANDARD = "gnu++0x";
				CLANG_CXX_LIBRARY = "libc++";
				CLANG_ENABLE_MODULES = YES;
				CLANG_ENABLE_OBJC_ARC = YES;
				CLANG_WARN_BOOL_CONVERSION = YES;
				CLANG_WARN_CONSTANT_CONVERSION = YES;
				CLANG_WARN_DIRECT_OBJC_ISA_USAGE = YES_ERROR;
				CLANG_WARN_DOCUMENTATION_COMMENTS = YES;
				CLANG_WARN_EMPTY_BODY = YES;
				CLANG_WARN_ENUM_CONVERSION = YES;
				CLANG_WARN_INFINITE_RECURSION = YES;
				CLANG_WARN_INT_CONVERSION = YES;
				CLANG_WARN_OBJC_ROOT_CLASS = YES_ERROR;
				CLANG_WARN_SUSPICIOUS_MOVE = YES;
				CLANG_WARN_UNREACHABLE_CODE = YES;
				CLANG_WARN__DUPLICATE_METHOD_MATCH = YES;
				"CODE_SIGN_IDENTITY[sdk=iphoneos*]" = "iPhone Developer";
				COPY_PHASE_STRIP = NO;
				DEBUG_INFORMATION_FORMAT = "dwarf-with-dsym";
				ENABLE_NS_ASSERTIONS = NO;
				ENABLE_STRICT_OBJC_MSGSEND = YES;
				GCC_C_LANGUAGE_STANDARD = gnu99;
				GCC_NO_COMMON_BLOCKS = YES;
				GCC_WARN_64_TO_32_BIT_CONVERSION = YES;
				GCC_WARN_ABOUT_RETURN_TYPE = YES_ERROR;
				GCC_WARN_UNDECLARED_SELECTOR = YES;
				GCC_WARN_UNINITIALIZED_AUTOS = YES_AGGRESSIVE;
				GCC_WARN_UNUSED_FUNCTION = YES;
				GCC_WARN_UNUSED_VARIABLE = YES;
				IPHONEOS_DEPLOYMENT_TARGET = 10.2;
				MTL_ENABLE_DEBUG_INFO = NO;
				SDKROOT = iphoneos;
				SWIFT_OPTIMIZATION_LEVEL = "-Owholemodule";
				TARGETED_DEVICE_FAMILY = "1,2";
				VALIDATE_PRODUCT = YES;
			};
			name = Release;
		};
		837664941E16E29E004E9DE3 /* Debug */ = {
			isa = XCBuildConfiguration;
			buildSettings = {
				ASSETCATALOG_COMPILER_APPICON_NAME = AppIcon;
				DEVELOPMENT_TEAM = BK39Z5XJ5Q;
				INFOPLIST_FILE = "Proyecto Final/Info.plist";
				LD_RUNPATH_SEARCH_PATHS = "$(inherited) @executable_path/Frameworks";
				PRODUCT_BUNDLE_IDENTIFIER = "com.uLab.Proyecto-Final";
				PRODUCT_NAME = "$(TARGET_NAME)";
				SWIFT_VERSION = 3.0;
			};
			name = Debug;
		};
		837664951E16E29E004E9DE3 /* Release */ = {
			isa = XCBuildConfiguration;
			buildSettings = {
				ASSETCATALOG_COMPILER_APPICON_NAME = AppIcon;
				DEVELOPMENT_TEAM = BK39Z5XJ5Q;
				INFOPLIST_FILE = "Proyecto Final/Info.plist";
				LD_RUNPATH_SEARCH_PATHS = "$(inherited) @executable_path/Frameworks";
				PRODUCT_BUNDLE_IDENTIFIER = "com.uLab.Proyecto-Final";
				PRODUCT_NAME = "$(TARGET_NAME)";
				SWIFT_VERSION = 3.0;
			};
			name = Release;
		};
/* End XCBuildConfiguration section */

/* Begin XCConfigurationList section */
		8376647C1E16E29E004E9DE3 /* Build configuration list for PBXProject "Proyecto Final" */ = {
			isa = XCConfigurationList;
			buildConfigurations = (
				837664911E16E29E004E9DE3 /* Debug */,
				837664921E16E29E004E9DE3 /* Release */,
			);
			defaultConfigurationIsVisible = 0;
			defaultConfigurationName = Release;
		};
		837664931E16E29E004E9DE3 /* Build configuration list for PBXNativeTarget "Proyecto Final" */ = {
			isa = XCConfigurationList;
			buildConfigurations = (
				837664941E16E29E004E9DE3 /* Debug */,
				837664951E16E29E004E9DE3 /* Release */,
			);
			defaultConfigurationIsVisible = 0;
		};
/* End XCConfigurationList section */

/* Begin XCVersionGroup section */
		8376649F1E19917C004E9DE3 /* RutaGuardada.xcdatamodeld */ = {
			isa = XCVersionGroup;
			children = (
				837664A01E19917C004E9DE3 /* RutaGuardada.xcdatamodel */,
			);
			currentVersion = 837664A01E19917C004E9DE3 /* RutaGuardada.xcdatamodel */;
			path = RutaGuardada.xcdatamodeld;
			sourceTree = "<group>";
			versionGroupType = wrapper.xcdatamodel;
		};
/* End XCVersionGroup section */
	};
	rootObject = 837664791E16E29E004E9DE3 /* Project object */;
}
